# This file was autogenerated by Stack.
# You should not edit this file by hand.
# For more information, please see the documentation at:
#   https://docs.haskellstack.org/en/stable/topics/lock_files

packages: []
snapshots:
- completed:
    sha256: ca26ae59b0728a9edafdaafdc7ba5cd6633df716d743f077d07d073c3a05628d
    size: 758691
    url: https://raw.githubusercontent.com/commercialhaskell/stackage-snapshots/master/nightly/2026/6/7.yaml
  original: nightly-2026-06-07
